STORAGE: NONE
RESTRICTION: == net8.0
NUGET
  remote: https://api.nuget.org/v3/index.json
    FlashCap (1.11)
      FlashCap.Core (>= 1.11)
    FlashCap.Core (1.11)
    FSharp.Core (9.0.303)
    Microsoft.ApplicationInsights (2.23)
      System.Diagnostics.DiagnosticSource (>= 5.0)
    Microsoft.CodeCoverage (18.0)
    Microsoft.NET.Test.Sdk (18.0)
      Microsoft.CodeCoverage (>= 18.0)
      Microsoft.TestPlatform.TestHost (>= 18.0)
    Microsoft.NETCore.Platforms (7.0.4)
    Microsoft.Testing.Extensions.Telemetry (2.0.1)
      Microsoft.ApplicationInsights (>= 2.23)
      Microsoft.Testing.Platform (>= 2.0.1)
    Microsoft.Testing.Extensions.TrxReport.Abstractions (2.0.1)
      Microsoft.Testing.Platform (>= 2.0.1)
    Microsoft.Testing.Extensions.VSTestBridge (2.0.1)
      Microsoft.Testing.Extensions.Telemetry (>= 2.0.1)
      Microsoft.Testing.Extensions.TrxReport.Abstractions (>= 2.0.1)
      Microsoft.Testing.Platform (>= 2.0.1)
      Microsoft.TestPlatform.AdapterUtilities (>= 18.0)
      Microsoft.TestPlatform.ObjectModel (>= 18.0)
    Microsoft.Testing.Platform (2.0.1)
    Microsoft.Testing.Platform.MSBuild (2.0.1)
      Microsoft.Testing.Platform (>= 2.0.1)
    Microsoft.TestPlatform.AdapterUtilities (18.0)
    Microsoft.TestPlatform.ObjectModel (18.0)
      System.Reflection.Metadata (>= 8.0)
    Microsoft.TestPlatform.TestHost (18.0)
      Microsoft.TestPlatform.ObjectModel (>= 18.0)
      Newtonsoft.Json (>= 13.0.3)
    NETStandard.Library (2.0.3)
      Microsoft.NETCore.Platforms (>= 1.1)
    Newtonsoft.Json (13.0.4)
    NUnit (3.14)
      NETStandard.Library (>= 2.0)
    NUnit3TestAdapter (5.2)
      Microsoft.Testing.Extensions.VSTestBridge (>= 1.9)
      Microsoft.Testing.Platform.MSBuild (>= 1.9)
    System.Collections.Immutable (9.0.10)
    System.Diagnostics.DiagnosticSource (9.0.10)
    System.Reflection.Metadata (9.0.10)
      System.Collections.Immutable (>= 9.0.10)
